{
  "name": "sp-rtmp-nginx",
  "version": "0.1.2",
  "lockfileVersion": 1,
  "requires": true,
  "dependencies": {
    "sp-node": {
      "version": "0.0.15",
      "resolved": "https://registry.npmjs.org/sp-node/-/sp-node-0.0.15.tgz",
      "integrity": "sha1-I8VDvY6iAq4LHoaSVHsUgB27JUo="
    }
  }
}
